
Microsoft Visual Studio Solution File, Format Version 12.00
# Visual Studio 15
VisualStudioVersion = 15.0.28307.271
MinimumVisualStudioVersion = 10.0.40219.1
Project("{FAE04EC0-301F-11D3-BF4B-00C04F79EFBC}") = "CoachAid", "CoachAid\CoachAid.csproj", "{F33581B9-CFD4-4D44-910B-16D1179320B4}"
EndProject
Project("{FAE04EC0-301F-11D3-BF4B-00C04F79EFBC}") = "CoachAid.Core", "CoachAid.Core\CoachAid.Core.csproj", "{3316482C-DD46-4C24-B3E8-56A693D28B72}"
EndProject
Global
	GlobalSection(SolutionConfigurationPlatforms) = preSolution
		Debug|Any CPU = Debug|Any CPU
		Release|Any CPU = Release|Any CPU
	EndGlobalSection
	GlobalSection(ProjectConfigurationPlatforms) = postSolution
		{F33581B9-CFD4-4D44-910B-16D1179320B4}.Debug|Any CPU.ActiveCfg = Debug|Any CPU
		{F33581B9-CFD4-4D44-910B-16D1179320B4}.Debug|Any CPU.Build.0 = Debug|Any CPU
		{F33581B9-CFD4-4D44-910B-16D1179320B4}.Release|Any CPU.ActiveCfg = Release|Any CPU
		{F33581B9-CFD4-4D44-910B-16D1179320B4}.Release|Any CPU.Build.0 = Release|Any CPU
		{3316482C-DD46-4C24-B3E8-56A693D28B72}.Debug|Any CPU.ActiveCfg = Debug|Any CPU
		{3316482C-DD46-4C24-B3E8-56A693D28B72}.Debug|Any CPU.Build.0 = Debug|Any CPU
		{3316482C-DD46-4C24-B3E8-56A693D28B72}.Release|Any CPU.ActiveCfg = Release|Any CPU
		{3316482C-DD46-4C24-B3E8-56A693D28B72}.Release|Any CPU.Build.0 = Release|Any CPU
	EndGlobalSection
	GlobalSection(SolutionProperties) = preSolution
		HideSolutionNode = FALSE
	EndGlobalSection
	GlobalSection(ExtensibilityGlobals) = postSolution
		SolutionGuid = {E1EF2C2E-8863-4E4E-85B9-7E825047CED2}
	EndGlobalSection
EndGlobal
